
Microsoft Visual Studio Solution File, Format Version 12.00
# Visual Studio 15
VisualStudioVersion = 15.0.28307.168
MinimumVisualStudioVersion = 10.0.40219.1
Project("{FAE04EC0-301F-11D3-BF4B-00C04F79EFBC}") = "API", "API\API.csproj", "{7892C12B-A6F9-4DDA-8A3A-C23324AF6C93}"
EndProject
Project("{FAE04EC0-301F-11D3-BF4B-00C04F79EFBC}") = "MVC", "MVC\MVC.csproj", "{94088839-3111-4B2A-9906-814864DE4D9F}"
EndProject
Global
	GlobalSection(SolutionConfigurationPlatforms) = preSolution
		Debug|Any CPU = Debug|Any CPU
		Release|Any CPU = Release|Any CPU
	EndGlobalSection
	GlobalSection(ProjectConfigurationPlatforms) = postSolution
		{7892C12B-A6F9-4DDA-8A3A-C23324AF6C93}.Debug|Any CPU.ActiveCfg = Debug|Any CPU
		{7892C12B-A6F9-4DDA-8A3A-C23324AF6C93}.Debug|Any CPU.Build.0 = Debug|Any CPU
		{7892C12B-A6F9-4DDA-8A3A-C23324AF6C93}.Release|Any CPU.ActiveCfg = Release|Any CPU
		{7892C12B-A6F9-4DDA-8A3A-C23324AF6C93}.Release|Any CPU.Build.0 = Release|Any CPU
		{94088839-3111-4B2A-9906-814864DE4D9F}.Debug|Any CPU.ActiveCfg = Debug|Any CPU
		{94088839-3111-4B2A-9906-814864DE4D9F}.Debug|Any CPU.Build.0 = Debug|Any CPU
		{94088839-3111-4B2A-9906-814864DE4D9F}.Release|Any CPU.ActiveCfg = Release|Any CPU
		{94088839-3111-4B2A-9906-814864DE4D9F}.Release|Any CPU.Build.0 = Release|Any CPU
	EndGlobalSection
	GlobalSection(SolutionProperties) = preSolution
		HideSolutionNode = FALSE
	EndGlobalSection
	GlobalSection(ExtensibilityGlobals) = postSolution
		SolutionGuid = {710C4ADD-4E09-434A-941F-C15B5AE3B538}
	EndGlobalSection
EndGlobal
